{
  "name": "asproject",
  "version": "1.0.0",
  "lockfileVersion": 3,
  "requires": true,
  "packages": {
    "": {
      "name": "asproject",
      "version": "1.0.0",
      "license": "ISC",
      "dependencies": {
        "@loupeteam/librarybuilderproject": "^1.0.0"
      }
    },
    "node_modules/@loupeteam/librarybuilderproject": {
      "version": "1.0.0",
      "resolved": "https://npm.pkg.github.com/download/@loupeteam/librarybuilderproject/1.0.0/490a3be5cd5d3181321dc294b1bb63dfc34cc2fe",
      "integrity": "sha512-32SACveSvlZkHXv/CHkw7JhEnUNV24ZmWnrYui6tJb0DS7xc9/fFq5j47ibBLhIZTaXqCqIKP7EzBSj77HG+HQ==",
      "license": "MIT"
    }
  }
}
