{
    "name": "@loupeteam/librarybuilderproject",
    "version": "0.2.0",
    "lockfileVersion": 3,
    "requires": true,
    "packages": {
        "": {
            "name": "@loupeteam/librarybuilderproject",
            "version": "0.2.0",
            "license": "MIT",
            "dependencies": {
                "@loupeteam/librarybuilderproject": "^0.3.0",
                "@loupeteam/tcpcomm": "^0.10.0"
            }
        },
        "node_modules/@loupeteam/librarybuilderproject": {
            "version": "0.3.0",
            "resolved": "https://npm.pkg.github.com/download/@loupeteam/librarybuilderproject/0.3.0/9c3c1fc98350439d618573f3b465d94e3ae1e000",
            "integrity": "sha512-kUOwhpPoqQ1DikLGFBH3c8+nsb28ayX2IpQRC0UaEg34cV4GrRoI0FvkSovc3tgrGohpyvxFPRy5C6TM5wj7JA==",
            "license": "MIT"
        },
        "node_modules/@loupeteam/tcpcomm": {
            "version": "0.10.0",
            "resolved": "https://npm.pkg.github.com/download/@loupeteam/tcpcomm/0.10.0/916e9eedf1a1785f56d06f35fa3e15ee0200d194",
            "integrity": "sha512-F7nXtVnXebQltBXeE7WjDt66rWUyiTWImYkFrfBWijLRygdMXQfL0HsxLjHPYx3IPnJ8gfIEELRxBK1BGPaQyQ==",
            "license": "Loupe Software License Agreement"
        }
    }
}
